{"is_source_file": false, "format": "", "description": "", "external_files": [], "external_methods": [], "published": [], "classes": [], "methods": [], "calls": [], "search-terms": [], "state": 2, "file_id": 14, "knowledge_revision": 31, "git_revision": "edc6664a501921823c919066645e0ab17892ff5c", "hash": "9c4ed7ef73e22b872b8055bec08b8979", "format-version": 4, "code-base-name": "default", "filename": "cine_stream/post_process_status.lock", "revision_history": [{"31": "edc6664a501921823c919066645e0ab17892ff5c"}]}